
Microsoft Visual Studio Solution File, Format Version 12.00
# Visual Studio Version 17
VisualStudioVersion = 17.4.33213.308
MinimumVisualStudioVersion = 10.0.40219.1
Project("{FAE04EC0-301F-11D3-BF4B-00C04F79EFBC}") = "Login Usuario", "Login Usuario\Login Usuario.csproj", "{BED19410-7416-4AD5-AC25-FA9B60EC3D43}"
EndProject
Global
	GlobalSection(SolutionConfigurationPlatforms) = preSolution
		Debug|Any CPU = Debug|Any CPU
		Release|Any CPU = Release|Any CPU
	EndGlobalSection
	GlobalSection(ProjectConfigurationPlatforms) = postSolution
		{BED19410-7416-4AD5-AC25-FA9B60EC3D43}.Debug|Any CPU.ActiveCfg = Debug|Any CPU
		{BED19410-7416-4AD5-AC25-FA9B60EC3D43}.Debug|Any CPU.Build.0 = Debug|Any CPU
		{BED19410-7416-4AD5-AC25-FA9B60EC3D43}.Release|Any CPU.ActiveCfg = Release|Any CPU
		{BED19410-7416-4AD5-AC25-FA9B60EC3D43}.Release|Any CPU.Build.0 = Release|Any CPU
	EndGlobalSection
	GlobalSection(SolutionProperties) = preSolution
		HideSolutionNode = FALSE
	EndGlobalSection
	GlobalSection(ExtensibilityGlobals) = postSolution
		SolutionGuid = {FEE798BD-1CE0-478C-931D-3393711B646F}
	EndGlobalSection
EndGlobal
